
Microsoft Visual Studio Solution File, Format Version 12.00
# Visual Studio Version 17
VisualStudioVersion = 17.8.34525.116
MinimumVisualStudioVersion = 10.0.40219.1
Project("{FAE04EC0-301F-11D3-BF4B-00C04F79EFBC}") = "StaticFilesExample", "StaticFilesExample\StaticFilesExample.csproj", "{F13EFBD4-B384-489B-A98E-9DC654910891}"
EndProject
Global
	GlobalSection(SolutionConfigurationPlatforms) = preSolution
		Debug|Any CPU = Debug|Any CPU
		Release|Any CPU = Release|Any CPU
	EndGlobalSection
	GlobalSection(ProjectConfigurationPlatforms) = postSolution
		{F13EFBD4-B384-489B-A98E-9DC654910891}.Debug|Any CPU.ActiveCfg = Debug|Any CPU
		{F13EFBD4-B384-489B-A98E-9DC654910891}.Debug|Any CPU.Build.0 = Debug|Any CPU
		{F13EFBD4-B384-489B-A98E-9DC654910891}.Release|Any CPU.ActiveCfg = Release|Any CPU
		{F13EFBD4-B384-489B-A98E-9DC654910891}.Release|Any CPU.Build.0 = Release|Any CPU
	EndGlobalSection
	GlobalSection(SolutionProperties) = preSolution
		HideSolutionNode = FALSE
	EndGlobalSection
	GlobalSection(ExtensibilityGlobals) = postSolution
		SolutionGuid = {381EA29C-04A0-41EC-8A52-DF35C407C1E8}
	EndGlobalSection
EndGlobal
